// !$*UTF8*$!
{
	archiveVersion = 1;
	classes = {
	};
	objectVersion = 77;
	objects = {

/* Begin PBXBuildFile section */
		2FA969AB2F39281E008923BE /* RevenueCat in Frameworks */ = {isa = PBXBuildFile; productRef = 2FE794BC2F3928000072A622 /* RevenueCat */; };
		2FA969AC2F39281E008923BE /* RevenueCatUI in Frameworks */ = {isa = PBXBuildFile; productRef = 2FE794BD2F3928000072A622 /* RevenueCatUI */; };
/* End PBXBuildFile section */

/* Begin PBXContainerItemProxy section */
		2F3FC4D92F24CF0300EEA73F /* PBXContainerItemProxy */ = {
			isa = PBXContainerItemProxy;
			containerPortal = 2F3FC4C02F24CF0000EEA73F /* Project object */;
			proxyType = 1;
			remoteGlobalIDString = 2F3FC4C72F24CF0000EEA73F;
			remoteInfo = Healthwallet;
		};
		2F3FC4E32F24CF0300EEA73F /* PBXContainerItemProxy */ = {
			isa = PBXContainerItemProxy;
			containerPortal = 2F3FC4C02F24CF0000EEA73F /* Project object */;
			proxyType = 1;
			remoteGlobalIDString = 2F3FC4C72F24CF0000EEA73F;
			remoteInfo = Healthwallet;
		};
/* End PBXContainerItemProxy section */

/* Begin PBXFileReference section */
		2F3FC4C82F24CF0000EEA73F /* Healthwallet.app */ = {isa = PBXFileReference; explicitFileType = wrapper.application; includeInIndex = 0; path = Healthwallet.app; sourceTree = BUILT_PRODUCTS_DIR; };
		2F3FC4D82F24CF0300EEA73F /* HealthwalletTests.xctest */ = {isa = PBXFileReference; explicitFileType = wrapper.cfbundle; includeInIndex = 0; path = HealthwalletTests.xctest; sourceTree = BUILT_PRODUCTS_DIR; };
		2F3FC4E22F24CF0300EEA73F /* HealthwalletUITests.xctest */ = {isa = PBXFileReference; explicitFileType = wrapper.cfbundle; includeInIndex = 0; path = HealthwalletUITests.xctest; sourceTree = BUILT_PRODUCTS_DIR; };
/* End PBXFileReference section */

/* Begin PBXFileSystemSynchronizedRootGroup section */
		2F3FC4CA2F24CF0000EEA73F /* Healthwallet */ = {
			isa = PBXFileSystemSynchronizedRootGroup;
			path = Healthwallet;
			sourceTree = "<group>";
		};
		2F3FC4DB2F24CF0300EEA73F /* HealthwalletTests */ = {
			isa = PBXFileSystemSynchronizedRootGroup;
			path = HealthwalletTests;
			sourceTree = "<group>";
		};
		2F3FC4E52F24CF0300EEA73F /* HealthwalletUITests */ = {
			isa = PBXFileSystemSynchronizedRootGroup;
			path = HealthwalletUITests;
			sourceTree = "<group>";
		};
/* End PBXFileSystemSynchronizedRootGroup section */

/* Begin PBXFrameworksBuildPhase section */
		2F3FC4C52F24CF0000EEA73F /* Frameworks */ = {
			isa = PBXFrameworksBuildPhase;
			buildActionMask = 2147483647;
			files = (
				2FA969AC2F39281E008923BE /* RevenueCatUI in Frameworks */,
				2FA969AB2F39281E008923BE /* RevenueCat in Frameworks */,
			);
			runOnlyForDeploymentPostprocessing = 0;
		};
		2F3FC4D52F24CF0300EEA73F /* Frameworks */ = {
			isa = PBXFrameworksBuildPhase;
			buildActionMask = 2147483647;
			files = (
			);
			runOnlyForDeploymentPostprocessing = 0;
		};
		2F3FC4DF2F24CF0300EEA73F /* Frameworks */ = {
			isa = PBXFrameworksBuildPhase;
			buildActionMask = 2147483647;
			files = (
			);
			runOnlyForDeploymentPostprocessing = 0;
		};
/* End PBXFrameworksBuildPhase section */

/* Begin PBXGroup section */
		2F3FC4BF2F24CF0000EEA73F = {
			isa = PBXGroup;
			children = (
				2F3FC4CA2F24CF0000EEA73F /* Healthwallet */,
				2F3FC4DB2F24CF0300EEA73F /* HealthwalletTests */,
				2F3FC4E52F24CF0300EEA73F /* HealthwalletUITests */,
				2F3FC4C92F24CF0000EEA73F /* Products */,
			);
			sourceTree = "<group>";
		};
		2F3FC4C92F24CF0000EEA73F /* Products */ = {
			isa = PBXGroup;
			children = (
				2F3FC4C82F24CF0000EEA73F /* Healthwallet.app */,
				2F3FC4D82F24CF0300EEA73F /* HealthwalletTests.xctest */,
				2F3FC4E22F24CF0300EEA73F /* HealthwalletUITests.xctest */,
			);
			name = Products;
			sourceTree = "<group>";
		};
/* End PBXGroup section */

/* Begin PBXNativeTarget section */
		2F3FC4C72F24CF0000EEA73F /* Healthwallet */ = {
			isa = PBXNativeTarget;
			buildConfigurationList = 2F3FC4EC2F24CF0300EEA73F /* Build configuration list for PBXNativeTarget "Healthwallet" */;
			buildPhases = (
				2F3FC4C42F24CF0000EEA73F /* Sources */,
				2F3FC4C52F24CF0000EEA73F /* Frameworks */,
				2F3FC4C62F24CF0000EEA73F /* Resources */,
			);
			buildRules = (
			);
			dependencies = (
			);
			fileSystemSynchronizedGroups = (
				2F3FC4CA2F24CF0000EEA73F /* Healthwallet */,
			);
			name = Healthwallet;
			packageProductDependencies = (
				2FE794BC2F3928000072A622 /* RevenueCat */,
				2FE794BD2F3928000072A622 /* RevenueCatUI */,
			);
			productName = Healthwallet;
			productReference = 2F3FC4C82F24CF0000EEA73F /* Healthwallet.app */;
			productType = "com.apple.product-type.application";
		};
		2F3FC4D72F24CF0300EEA73F /* HealthwalletTests */ = {
			isa = PBXNativeTarget;
			buildConfigurationList = 2F3FC4EF2F24CF0300EEA73F /* Build configuration list for PBXNativeTarget "HealthwalletTests" */;
			buildPhases = (
				2F3FC4D42F24CF0300EEA73F /* Sources */,
				2F3FC4D52F24CF0300EEA73F /* Frameworks */,
				2F3FC4D62F24CF0300EEA73F /* Resources */,
			);
			buildRules = (
			);
			dependencies = (
				2F3FC4DA2F24CF0300EEA73F /* PBXTargetDependency */,
			);
			fileSystemSynchronizedGroups = (
				2F3FC4DB2F24CF0300EEA73F /* HealthwalletTests */,
			);
			name = HealthwalletTests;
			packageProductDependencies = (
			);
			productName = HealthwalletTests;
			productReference = 2F3FC4D82F24CF0300EEA73F /* HealthwalletTests.xctest */;
			productType = "com.apple.product-type.bundle.unit-test";
		};
		2F3FC4E12F24CF0300EEA73F /* HealthwalletUITests */ = {
			isa = PBXNativeTarget;
			buildConfigurationList = 2F3FC4F22F24CF0300EEA73F /* Build configuration list for PBXNativeTarget "HealthwalletUITests" */;
			buildPhases = (
				2F3FC4DE2F24CF0300EEA73F /* Sources */,
				2F3FC4DF2F24CF0300EEA73F /* Frameworks */,
				2F3FC4E02F24CF0300EEA73F /* Resources */,
			);
			buildRules = (
			);
			dependencies = (
				2F3FC4E42F24CF0300EEA73F /* PBXTargetDependency */,
			);
			fileSystemSynchronizedGroups = (
				2F3FC4E52F24CF0300EEA73F /* HealthwalletUITests */,
			);
			name = HealthwalletUITests;
			packageProductDependencies = (
			);
			productName = HealthwalletUITests;
			productReference = 2F3FC4E22F24CF0300EEA73F /* HealthwalletUITests.xctest */;
			productType = "com.apple.product-type.bundle.ui-testing";
		};
/* End PBXNativeTarget section */

/* Begin PBXProject section */
		2F3FC4C02F24CF0000EEA73F /* Project object */ = {
			isa = PBXProject;
			attributes = {
				BuildIndependentTargetsInParallel = 1;
				LastSwiftUpdateCheck = 1640;
				LastUpgradeCheck = 1640;
				TargetAttributes = {
					2F3FC4C72F24CF0000EEA73F = {
						CreatedOnToolsVersion = 16.2;
					};
					2F3FC4D72F24CF0300EEA73F = {
						CreatedOnToolsVersion = 16.2;
						TestTargetID = 2F3FC4C72F24CF0000EEA73F;
					};
					2F3FC4E12F24CF0300EEA73F = {
						CreatedOnToolsVersion = 16.2;
						TestTargetID = 2F3FC4C72F24CF0000EEA73F;
					};
				};
			};
			buildConfigurationList = 2F3FC4C32F24CF0000EEA73F /* Build configuration list for PBXProject "Healthwallet" */;
			developmentRegion = en;
			hasScannedForEncodings = 0;
			knownRegions = (
				en,
				Base,
			);
			mainGroup = 2F3FC4BF2F24CF0000EEA73F;
			minimizedProjectReferenceProxies = 1;
			packageReferences = (
				2FE794BA2F3924740072A622 /* XCRemoteSwiftPackageReference "purchases-ios-spm" */,
			);
			preferredProjectObjectVersion = 77;
			productRefGroup = 2F3FC4C92F24CF0000EEA73F /* Products */;
			projectDirPath = "";
			projectRoot = "";
			targets = (
				2F3FC4C72F24CF0000EEA73F /* Healthwallet */,
				2F3FC4D72F24CF0300EEA73F /* HealthwalletTests */,
				2F3FC4E12F24CF0300EEA73F /* HealthwalletUITests */,
			);
		};
/* End PBXProject section */

/* Begin PBXResourcesBuildPhase section */
		2F3FC4C62F24CF0000EEA73F /* Resources */ = {
			isa = PBXResourcesBuildPhase;
			buildActionMask = 2147483647;
			files = (
			);
			runOnlyForDeploymentPostprocessing = 0;
		};
		2F3FC4D62F24CF0300EEA73F /* Resources */ = {
			isa = PBXResourcesBuildPhase;
			buildActionMask = 2147483647;
			files = (
			);
			runOnlyForDeploymentPostprocessing = 0;
		};
		2F3FC4E02F24CF0300EEA73F /* Resources */ = {
			isa = PBXResourcesBuildPhase;
			buildActionMask = 2147483647;
			files = (
			);
			runOnlyForDeploymentPostprocessing = 0;
		};
/* End PBXResourcesBuildPhase section */

/* Begin PBXSourcesBuildPhase section */
		2F3FC4C42F24CF0000EEA73F /* Sources */ = {
			isa = PBXSourcesBuildPhase;
			buildActionMask = 2147483647;
			files = (
			);
			runOnlyForDeploymentPostprocessing = 0;
		};
		2F3FC4D42F24CF0300EEA73F /* Sources */ = {
			isa = PBXSourcesBuildPhase;
			buildActionMask = 2147483647;
			files = (
			);
			runOnlyForDeploymentPostprocessing = 0;
		};
		2F3FC4DE2F24CF0300EEA73F /* Sources */ = {
			isa = PBXSourcesBuildPhase;
			buildActionMask = 2147483647;
			files = (
			);
			runOnlyForDeploymentPostprocessing = 0;
		};
/* End PBXSourcesBuildPhase section */

/* Begin PBXTargetDependency section */
		2F3FC4DA2F24CF0300EEA73F /* PBXTargetDependency */ = {
			isa = PBXTargetDependency;
			target = 2F3FC4C72F24CF0000EEA73F /* Healthwallet */;
			targetProxy = 2F3FC4D92F24CF0300EEA73F /* PBXContainerItemProxy */;
		};
		2F3FC4E42F24CF0300EEA73F /* PBXTargetDependency */ = {
			isa = PBXTargetDependency;
			target = 2F3FC4C72F24CF0000EEA73F /* Healthwallet */;
			targetProxy = 2F3FC4E32F24CF0300EEA73F /* PBXContainerItemProxy */;
		};
/* End PBXTargetDependency section */

/* Begin XCBuildConfiguration section */
		2F3FC4EA2F24CF0300EEA73F /* Debug */ = {
			isa = XCBuildConfiguration;
			buildSettings = {
				ALWAYS_SEARCH_USER_PATHS = NO;
				ASSETCATALOG_COMPILER_GENERATE_SWIFT_ASSET_SYMBOL_EXTENSIONS = YES;
				CLANG_ANALYZER_NONNULL = YES;
				CLANG_ANALYZER_NUMBER_OBJECT_CONVERSION = YES_AGGRESSIVE;
				CLANG_CXX_LANGUAGE_STANDARD = "gnu++20";
				CLANG_ENABLE_MODULES = YES;
				CLANG_ENABLE_OBJC_ARC = YES;
				CLANG_ENABLE_OBJC_WEAK = YES;
				CLANG_WARN_BLOCK_CAPTURE_AUTORELEASING = YES;
				CLANG_WARN_BOOL_CONVERSION = YES;
				CLANG_WARN_COMMA = YES;
				CLANG_WARN_CONSTANT_CONVERSION = YES;
				CLANG_WARN_DEPRECATED_OBJC_IMPLEMENTATIONS = YES;
				CLANG_WARN_DIRECT_OBJC_ISA_USAGE = YES_ERROR;
				CLANG_WARN_DOCUMENTATION_COMMENTS = YES;
				CLANG_WARN_EMPTY_BODY = YES;
				CLANG_WARN_ENUM_CONVERSION = YES;
				CLANG_WARN_INFINITE_RECURSION = YES;
				CLANG_WARN_INT_CONVERSION = YES;
				CLANG_WARN_NON_LITERAL_NULL_CONVERSION = YES;
				CLANG_WARN_OBJC_IMPLICIT_RETAIN_SELF = YES;
				CLANG_WARN_OBJC_LITERAL_CONVERSION = YES;
				CLANG_WARN_OBJC_ROOT_CLASS = YES_ERROR;
				CLANG_WARN_QUOTED_INCLUDE_IN_FRAMEWORK_HEADER = YES;
				CLANG_WARN_RANGE_LOOP_ANALYSIS = YES;
				CLANG_WARN_STRICT_PROTOTYPES = YES;
				CLANG_WARN_SUSPICIOUS_MOVE = YES;
				CLANG_WARN_UNGUARDED_AVAILABILITY = YES_AGGRESSIVE;
				CLANG_WARN_UNREACHABLE_CODE = YES;
				CLANG_WARN__DUPLICATE_METHOD_MATCH = YES;
				COPY_PHASE_STRIP = NO;
				DEBUG_INFORMATION_FORMAT = dwarf;
				ENABLE_STRICT_OBJC_MSGSEND = YES;
				ENABLE_TESTABILITY = YES;
				ENABLE_USER_SCRIPT_SANDBOXING = YES;
				GCC_C_LANGUAGE_STANDARD = gnu17;
				GCC_DYNAMIC_NO_PIC = NO;
				GCC_NO_COMMON_BLOCKS = YES;
				GCC_OPTIMIZATION_LEVEL = 0;
				GCC_PREPROCESSOR_DEFINITIONS = (
					"DEBUG=1",
					"$(inherited)",
				);
				GCC_WARN_64_TO_32_BIT_CONVERSION = YES;
				GCC_WARN_ABOUT_RETURN_TYPE = YES_ERROR;
				GCC_WARN_UNDECLARED_SELECTOR = YES;
				GCC_WARN_UNINITIALIZED_AUTOS = YES_AGGRESSIVE;
				GCC_WARN_UNUSED_FUNCTION = YES;
				GCC_WARN_UNUSED_VARIABLE = YES;
				IPHONEOS_DEPLOYMENT_TARGET = 18.2;
				LOCALIZATION_PREFERS_STRING_CATALOGS = YES;
				MTL_ENABLE_DEBUG_INFO = INCLUDE_SOURCE;
				MTL_FAST_MATH = YES;
				ONLY_ACTIVE_ARCH = YES;
				SDKROOT = iphoneos;
				SWIFT_ACTIVE_COMPILATION_CONDITIONS = "DEBUG $(inherited)";
				SWIFT_OPTIMIZATION_LEVEL = "-Onone";
			};
			name = Debug;
		};
		2F3FC4EB2F24CF0300EEA73F /* Release */ = {
			isa = XCBuildConfiguration;
			buildSettings = {
				ALWAYS_SEARCH_USER_PATHS = NO;
				ASSETCATALOG_COMPILER_GENERATE_SWIFT_ASSET_SYMBOL_EXTENSIONS = YES;
				CLANG_ANALYZER_NONNULL = YES;
				CLANG_ANALYZER_NUMBER_OBJECT_CONVERSION = YES_AGGRESSIVE;
				CLANG_CXX_LANGUAGE_STANDARD = "gnu++20";
				CLANG_ENABLE_MODULES = YES;
				CLANG_ENABLE_OBJC_ARC = YES;
				CLANG_ENABLE_OBJC_WEAK = YES;
				CLANG_WARN_BLOCK_CAPTURE_AUTORELEASING = YES;
				CLANG_WARN_BOOL_CONVERSION = YES;
				CLANG_WARN_COMMA = YES;
				CLANG_WARN_CONSTANT_CONVERSION = YES;
				CLANG_WARN_DEPRECATED_OBJC_IMPLEMENTATIONS = YES;
				CLANG_WARN_DIRECT_OBJC_ISA_USAGE = YES_ERROR;
				CLANG_WARN_DOCUMENTATION_COMMENTS = YES;
				CLANG_WARN_EMPTY_BODY = YES;
				CLANG_WARN_ENUM_CONVERSION = YES;
				CLANG_WARN_INFINITE_RECURSION = YES;
				CLANG_WARN_INT_CONVERSION = YES;
				CLANG_WARN_NON_LITERAL_NULL_CONVERSION = YES;
				CLANG_WARN_OBJC_IMPLICIT_RETAIN_SELF = YES;
				CLANG_WARN_OBJC_LITERAL_CONVERSION = YES;
				CLANG_WARN_OBJC_ROOT_CLASS = YES_ERROR;
				CLANG_WARN_QUOTED_INCLUDE_IN_FRAMEWORK_HEADER = YES;
				CLANG_WARN_RANGE_LOOP_ANALYSIS = YES;
				CLANG_WARN_STRICT_PROTOTYPES = YES;
				CLANG_WARN_SUSPICIOUS_MOVE = YES;
				CLANG_WARN_UNGUARDED_AVAILABILITY = YES_AGGRESSIVE;
				CLANG_WARN_UNREACHABLE_CODE = YES;
				CLANG_WARN__DUPLICATE_METHOD_MATCH = YES;
				COPY_PHASE_STRIP = NO;
				DEBUG_INFORMATION_FORMAT = "dwarf-with-dsym";
				ENABLE_NS_ASSERTIONS = NO;
				ENABLE_STRICT_OBJC_MSGSEND = YES;
				ENABLE_USER_SCRIPT_SANDBOXING = YES;
				GCC_C_LANGUAGE_STANDARD = gnu17;
				GCC_NO_COMMON_BLOCKS = YES;
				GCC_WARN_64_TO_32_BIT_CONVERSION = YES;
				GCC_WARN_ABOUT_RETURN_TYPE = YES_ERROR;
				GCC_WARN_UNDECLARED_SELECTOR = YES;
				GCC_WARN_UNINITIALIZED_AUTOS = YES_AGGRESSIVE;
				GCC_WARN_UNUSED_FUNCTION = YES;
				GCC_WARN_UNUSED_VARIABLE = YES;
				IPHONEOS_DEPLOYMENT_TARGET = 18.2;
				LOCALIZATION_PREFERS_STRING_CATALOGS = YES;
				MTL_ENABLE_DEBUG_INFO = NO;
				MTL_FAST_MATH = YES;
				SDKROOT = iphoneos;
				SWIFT_COMPILATION_MODE = wholemodule;
				VALIDATE_PRODUCT = YES;
			};
			name = Release;
		};
		2F3FC4ED2F24CF0300EEA73F /* Debug */ = {
			isa = XCBuildConfiguration;
			buildSettings = {
				ASSETCATALOG_COMPILER_APPICON_NAME = AppIcon;
				ASSETCATALOG_COMPILER_GLOBAL_ACCENT_COLOR_NAME = AccentColor;
				CODE_SIGN_ENTITLEMENTS = Healthwallet/Healthwallet.entitlements;
				CODE_SIGN_STYLE = Automatic;
				CURRENT_PROJECT_VERSION = 1;
				DEVELOPMENT_ASSET_PATHS = "\"Healthwallet/Preview Content\"";
				DEVELOPMENT_TEAM = 66ZD8Z6QR8;
				ENABLE_PREVIEWS = YES;
				GENERATE_INFOPLIST_FILE = YES;
				INFOPLIST_KEY_API_BASE_URL = "http://localhost:8000/api/v1";
				INFOPLIST_KEY_NSCalendarsFullAccessUsageDescription = "HealthWallet needs calendar access to create supplement reminders.";
				INFOPLIST_KEY_NSHealthShareUsageDescription = "HealthWallet reads your health data to provide personalized readiness scores and wellness insights.";
				INFOPLIST_KEY_REVENUECAT_API_KEY = "test_HokyDjoYVMHuToKOJzVqxOsfVXJ";
				INFOPLIST_KEY_UIApplicationSceneManifest_Generation = YES;
				INFOPLIST_KEY_UIApplicationSupportsIndirectInputEvents = YES;
				INFOPLIST_KEY_UILaunchScreen_Generation = YES;
				INFOPLIST_KEY_UISupportedInterfaceOrientations_iPad = "UIInterfaceOrientationPortrait UIInterfaceOrientationPortraitUpsideDown UIInterfaceOrientationLandscapeLeft UIInterfaceOrientationLandscapeRight";
				INFOPLIST_KEY_UISupportedInterfaceOrientations_iPhone = "UIInterfaceOrientationPortrait UIInterfaceOrientationLandscapeLeft UIInterfaceOrientationLandscapeRight";
				LD_RUNPATH_SEARCH_PATHS = (
					"$(inherited)",
					"@executable_path/Frameworks",
				);
				MARKETING_VERSION = 1.0;
				PRODUCT_BUNDLE_IDENTIFIER = mosaic.Healthwallet;
				PRODUCT_NAME = "$(TARGET_NAME)";
				SWIFT_EMIT_LOC_STRINGS = YES;
				SWIFT_VERSION = 5.0;
				TARGETED_DEVICE_FAMILY = "1,2";
			};
			name = Debug;
		};
		2F3FC4EE2F24CF0300EEA73F /* Release */ = {
			isa = XCBuildConfiguration;
			buildSettings = {
				ASSETCATALOG_COMPILER_APPICON_NAME = AppIcon;
				ASSETCATALOG_COMPILER_GLOBAL_ACCENT_COLOR_NAME = AccentColor;
				CODE_SIGN_ENTITLEMENTS = Healthwallet/Healthwallet.entitlements;
				CODE_SIGN_STYLE = Automatic;
				CURRENT_PROJECT_VERSION = 1;
				DEVELOPMENT_ASSET_PATHS = "\"Healthwallet/Preview Content\"";
				DEVELOPMENT_TEAM = 66ZD8Z6QR8;
				ENABLE_PREVIEWS = YES;
				GENERATE_INFOPLIST_FILE = YES;
				INFOPLIST_KEY_API_BASE_URL = "https://api.healthwallet.app/api/v1";
				INFOPLIST_KEY_NSCalendarsFullAccessUsageDescription = "HealthWallet needs calendar access to create supplement reminders.";
				INFOPLIST_KEY_NSHealthShareUsageDescription = "HealthWallet reads your health data to provide personalized readiness scores and wellness insights.";
				INFOPLIST_KEY_REVENUECAT_API_KEY = "$(REVENUECAT_API_KEY)";
				INFOPLIST_KEY_UIApplicationSceneManifest_Generation = YES;
				INFOPLIST_KEY_UIApplicationSupportsIndirectInputEvents = YES;
				INFOPLIST_KEY_UILaunchScreen_Generation = YES;
				INFOPLIST_KEY_UISupportedInterfaceOrientations_iPad = "UIInterfaceOrientationPortrait UIInterfaceOrientationPortraitUpsideDown UIInterfaceOrientationLandscapeLeft UIInterfaceOrientationLandscapeRight";
				INFOPLIST_KEY_UISupportedInterfaceOrientations_iPhone = "UIInterfaceOrientationPortrait UIInterfaceOrientationLandscapeLeft UIInterfaceOrientationLandscapeRight";
				LD_RUNPATH_SEARCH_PATHS = (
					"$(inherited)",
					"@executable_path/Frameworks",
				);
				MARKETING_VERSION = 1.0;
				PRODUCT_BUNDLE_IDENTIFIER = mosaic.Healthwallet;
				PRODUCT_NAME = "$(TARGET_NAME)";
				SWIFT_EMIT_LOC_STRINGS = YES;
				SWIFT_VERSION = 5.0;
				TARGETED_DEVICE_FAMILY = "1,2";
			};
			name = Release;
		};
		2F3FC4F02F24CF0300EEA73F /* Debug */ = {
			isa = XCBuildConfiguration;
			buildSettings = {
				BUNDLE_LOADER = "$(TEST_HOST)";
				CODE_SIGN_STYLE = Automatic;
				CURRENT_PROJECT_VERSION = 1;
				GENERATE_INFOPLIST_FILE = YES;
				IPHONEOS_DEPLOYMENT_TARGET = 18.2;
				MARKETING_VERSION = 1.0;
				PRODUCT_BUNDLE_IDENTIFIER = mosaic.HealthwalletTests;
				PRODUCT_NAME = "$(TARGET_NAME)";
				SWIFT_EMIT_LOC_STRINGS = NO;
				SWIFT_VERSION = 5.0;
				TARGETED_DEVICE_FAMILY = "1,2";
				TEST_HOST = "$(BUILT_PRODUCTS_DIR)/Healthwallet.app/$(BUNDLE_EXECUTABLE_FOLDER_PATH)/Healthwallet";
			};
			name = Debug;
		};
		2F3FC4F12F24CF0300EEA73F /* Release */ = {
			isa = XCBuildConfiguration;
			buildSettings = {
				BUNDLE_LOADER = "$(TEST_HOST)";
				CODE_SIGN_STYLE = Automatic;
				CURRENT_PROJECT_VERSION = 1;
				GENERATE_INFOPLIST_FILE = YES;
				IPHONEOS_DEPLOYMENT_TARGET = 18.2;
				MARKETING_VERSION = 1.0;
				PRODUCT_BUNDLE_IDENTIFIER = mosaic.HealthwalletTests;
				PRODUCT_NAME = "$(TARGET_NAME)";
				SWIFT_EMIT_LOC_STRINGS = NO;
				SWIFT_VERSION = 5.0;
				TARGETED_DEVICE_FAMILY = "1,2";
				TEST_HOST = "$(BUILT_PRODUCTS_DIR)/Healthwallet.app/$(BUNDLE_EXECUTABLE_FOLDER_PATH)/Healthwallet";
			};
			name = Release;
		};
		2F3FC4F32F24CF0300EEA73F /* Debug */ = {
			isa = XCBuildConfiguration;
			buildSettings = {
				CODE_SIGN_STYLE = Automatic;
				CURRENT_PROJECT_VERSION = 1;
				GENERATE_INFOPLIST_FILE = YES;
				MARKETING_VERSION = 1.0;
				PRODUCT_BUNDLE_IDENTIFIER = mosaic.HealthwalletUITests;
				PRODUCT_NAME = "$(TARGET_NAME)";
				SWIFT_EMIT_LOC_STRINGS = NO;
				SWIFT_VERSION = 5.0;
				TARGETED_DEVICE_FAMILY = "1,2";
				TEST_TARGET_NAME = Healthwallet;
			};
			name = Debug;
		};
		2F3FC4F42F24CF0300EEA73F /* Release */ = {
			isa = XCBuildConfiguration;
			buildSettings = {
				CODE_SIGN_STYLE = Automatic;
				CURRENT_PROJECT_VERSION = 1;
				GENERATE_INFOPLIST_FILE = YES;
				MARKETING_VERSION = 1.0;
				PRODUCT_BUNDLE_IDENTIFIER = mosaic.HealthwalletUITests;
				PRODUCT_NAME = "$(TARGET_NAME)";
				SWIFT_EMIT_LOC_STRINGS = NO;
				SWIFT_VERSION = 5.0;
				TARGETED_DEVICE_FAMILY = "1,2";
				TEST_TARGET_NAME = Healthwallet;
			};
			name = Release;
		};
/* End XCBuildConfiguration section */

/* Begin XCConfigurationList section */
		2F3FC4C32F24CF0000EEA73F /* Build configuration list for PBXProject "Healthwallet" */ = {
			isa = XCConfigurationList;
			buildConfigurations = (
				2F3FC4EA2F24CF0300EEA73F /* Debug */,
				2F3FC4EB2F24CF0300EEA73F /* Release */,
			);
			defaultConfigurationIsVisible = 0;
			defaultConfigurationName = Release;
		};
		2F3FC4EC2F24CF0300EEA73F /* Build configuration list for PBXNativeTarget "Healthwallet" */ = {
			isa = XCConfigurationList;
			buildConfigurations = (
				2F3FC4ED2F24CF0300EEA73F /* Debug */,
				2F3FC4EE2F24CF0300EEA73F /* Release */,
			);
			defaultConfigurationIsVisible = 0;
			defaultConfigurationName = Release;
		};
		2F3FC4EF2F24CF0300EEA73F /* Build configuration list for PBXNativeTarget "HealthwalletTests" */ = {
			isa = XCConfigurationList;
			buildConfigurations = (
				2F3FC4F02F24CF0300EEA73F /* Debug */,
				2F3FC4F12F24CF0300EEA73F /* Release */,
			);
			defaultConfigurationIsVisible = 0;
			defaultConfigurationName = Release;
		};
		2F3FC4F22F24CF0300EEA73F /* Build configuration list for PBXNativeTarget "HealthwalletUITests" */ = {
			isa = XCConfigurationList;
			buildConfigurations = (
				2F3FC4F32F24CF0300EEA73F /* Debug */,
				2F3FC4F42F24CF0300EEA73F /* Release */,
			);
			defaultConfigurationIsVisible = 0;
			defaultConfigurationName = Release;
		};
/* End XCConfigurationList section */

/* Begin XCRemoteSwiftPackageReference section */
		2FE794BA2F3924740072A622 /* XCRemoteSwiftPackageReference "purchases-ios-spm" */ = {
			isa = XCRemoteSwiftPackageReference;
			repositoryURL = "https://github.com/RevenueCat/purchases-ios-spm.git";
			requirement = {
				kind = upToNextMajorVersion;
				minimumVersion = 5.58.0;
			};
		};
/* End XCRemoteSwiftPackageReference section */

/* Begin XCSwiftPackageProductDependency section */
		2FE794BC2F3928000072A622 /* RevenueCat */ = {
			isa = XCSwiftPackageProductDependency;
			package = 2FE794BA2F3924740072A622 /* XCRemoteSwiftPackageReference "purchases-ios-spm" */;
			productName = RevenueCat;
		};
		2FE794BD2F3928000072A622 /* RevenueCatUI */ = {
			isa = XCSwiftPackageProductDependency;
			package = 2FE794BA2F3924740072A622 /* XCRemoteSwiftPackageReference "purchases-ios-spm" */;
			productName = RevenueCatUI;
		};
/* End XCSwiftPackageProductDependency section */
	};
	rootObject = 2F3FC4C02F24CF0000EEA73F /* Project object */;
}
